// !$*UTF8*$!
{
	archiveVersion = 1;
	classes = {
	};
	objectVersion = 46;
	objects = {

/* Begin PBXBuildFile section */
		1330BAEB18E415E000E26D52 /* FNCollectionViewDynamicWaterfallLayout.m in Sources */ = {isa = PBXBuildFile; fileRef = 1330BAEA18E415E000E26D52 /* FNCollectionViewDynamicWaterfallLayout.m */; };
		133350A918E52FBF00DE8E4A /* TestImage.jpeg in Resources */ = {isa = PBXBuildFile; fileRef = 133350A818E52FBF00DE8E4A /* TestImage.jpeg */; };
		133350B018E559AF00DE8E4A /* 1.jpg in Resources */ = {isa = PBXBuildFile; fileRef = 133350AA18E559AF00DE8E4A /* 1.jpg */; };
		133350B118E559AF00DE8E4A /* 2.jpg in Resources */ = {isa = PBXBuildFile; fileRef = 133350AB18E559AF00DE8E4A /* 2.jpg */; };
		133350B218E559AF00DE8E4A /* 3.jpg in Resources */ = {isa = PBXBuildFile; fileRef = 133350AC18E559AF00DE8E4A /* 3.jpg */; };
		133350B318E559AF00DE8E4A /* 4.jpg in Resources */ = {isa = PBXBuildFile; fileRef = 133350AD18E559AF00DE8E4A /* 4.jpg */; };
		133350B418E559AF00DE8E4A /* 5.jpg in Resources */ = {isa = PBXBuildFile; fileRef = 133350AE18E559AF00DE8E4A /* 5.jpg */; };
		133350B518E559AF00DE8E4A /* 6.jpg in Resources */ = {isa = PBXBuildFile; fileRef = 133350AF18E559AF00DE8E4A /* 6.jpg */; };
		133350BC18E95FEC00DE8E4A /* FNRestaurantsViewController.m in Sources */ = {isa = PBXBuildFile; fileRef = 133350BB18E95FEC00DE8E4A /* FNRestaurantsViewController.m */; };
		133350BF18E9600400DE8E4A /* FNRestaurantViewCell.m in Sources */ = {isa = PBXBuildFile; fileRef = 133350BE18E9600400DE8E4A /* FNRestaurantViewCell.m */; };
		133350C218E9609D00DE8E4A /* FNRestaurant.m in Sources */ = {isa = PBXBuildFile; fileRef = 133350C118E9609D00DE8E4A /* FNRestaurant.m */; };
		133350CA18E9698F00DE8E4A /* FNMeal.m in Sources */ = {isa = PBXBuildFile; fileRef = 133350C918E9698F00DE8E4A /* FNMeal.m */; };
		13DF466B18E2B4E300A7F415 /* Foundation.framework in Frameworks */ = {isa = PBXBuildFile; fileRef = 13DF466A18E2B4E300A7F415 /* Foundation.framework */; };
		13DF466D18E2B4E300A7F415 /* CoreGraphics.framework in Frameworks */ = {isa = PBXBuildFile; fileRef = 13DF466C18E2B4E300A7F415 /* CoreGraphics.framework */; };
		13DF466F18E2B4E300A7F415 /* UIKit.framework in Frameworks */ = {isa = PBXBuildFile; fileRef = 13DF466E18E2B4E300A7F415 /* UIKit.framework */; };
		13DF467518E2B4E300A7F415 /* InfoPlist.strings in Resources */ = {isa = PBXBuildFile; fileRef = 13DF467318E2B4E300A7F415 /* InfoPlist.strings */; };
		13DF467718E2B4E300A7F415 /* main.m in Sources */ = {isa = PBXBuildFile; fileRef = 13DF467618E2B4E300A7F415 /* main.m */; };
		13DF467B18E2B4E300A7F415 /* AppDelegate.m in Sources */ = {isa = PBXBuildFile; fileRef = 13DF467A18E2B4E300A7F415 /* AppDelegate.m */; };
		13DF467E18E2B4E300A7F415 /* Main.storyboard in Resources */ = {isa = PBXBuildFile; fileRef = 13DF467C18E2B4E300A7F415 /* Main.storyboard */; };
		13DF468318E2B4E300A7F415 /* Images.xcassets in Resources */ = {isa = PBXBuildFile; fileRef = 13DF468218E2B4E300A7F415 /* Images.xcassets */; };
		13DF46BA18E2F47C00A7F415 /* FNMealsViewController.m in Sources */ = {isa = PBXBuildFile; fileRef = 13DF46B918E2F47C00A7F415 /* FNMealsViewController.m */; };
		13DF46C118E2F63000A7F415 /* FNMealCollectionViewCell.m in Sources */ = {isa = PBXBuildFile; fileRef = 13DF46C018E2F63000A7F415 /* FNMealCollectionViewCell.m */; };
		1B228EA3B43C49A08E346A19 /* libPods.a in Frameworks */ = {isa = PBXBuildFile; fileRef = B6AD4276B74E4A298B67DF90 /* libPods.a */; };
/* End PBXBuildFile section */

/* Begin PBXFileReference section */
		0E7696E8F0E44C7A8A85F15B /* Pods.xcconfig */ = {isa = PBXFileReference; includeInIndex = 1; lastKnownFileType = text.xcconfig; name = Pods.xcconfig; path = Pods/Pods.xcconfig; sourceTree = "<group>"; };
		1330BAE918E415E000E26D52 /* FNCollectionViewDynamicWaterfallLayout.h */ = {isa = PBXFileReference; fileEncoding = 4; lastKnownFileType = sourcecode.c.h; path = FNCollectionViewDynamicWaterfallLayout.h; sourceTree = "<group>"; };
		1330BAEA18E415E000E26D52 /* FNCollectionViewDynamicWaterfallLayout.m */ = {isa = PBXFileReference; fileEncoding = 4; lastKnownFileType = sourcecode.c.objc; path = FNCollectionViewDynamicWaterfallLayout.m; sourceTree = "<group>"; };
		133350A818E52FBF00DE8E4A /* TestImage.jpeg */ = {isa = PBXFileReference; lastKnownFileType = image.jpeg; path = TestImage.jpeg; sourceTree = "<group>"; };
		133350AA18E559AF00DE8E4A /* 1.jpg */ = {isa = PBXFileReference; lastKnownFileType = image.jpeg; path = 1.jpg; sourceTree = "<group>"; };
		133350AB18E559AF00DE8E4A /* 2.jpg */ = {isa = PBXFileReference; lastKnownFileType = image.jpeg; path = 2.jpg; sourceTree = "<group>"; };
		133350AC18E559AF00DE8E4A /* 3.jpg */ = {isa = PBXFileReference; lastKnownFileType = image.jpeg; path = 3.jpg; sourceTree = "<group>"; };
		133350AD18E559AF00DE8E4A /* 4.jpg */ = {isa = PBXFileReference; lastKnownFileType = image.jpeg; path = 4.jpg; sourceTree = "<group>"; };
		133350AE18E559AF00DE8E4A /* 5.jpg */ = {isa = PBXFileReference; lastKnownFileType = image.jpeg; path = 5.jpg; sourceTree = "<group>"; };
		133350AF18E559AF00DE8E4A /* 6.jpg */ = {isa = PBXFileReference; lastKnownFileType = image.jpeg; path = 6.jpg; sourceTree = "<group>"; };
		133350BA18E95FEC00DE8E4A /* FNRestaurantsViewController.h */ = {isa = PBXFileReference; fileEncoding = 4; lastKnownFileType = sourcecode.c.h; path = FNRestaurantsViewController.h; sourceTree = "<group>"; };
		133350BB18E95FEC00DE8E4A /* FNRestaurantsViewController.m */ = {isa = PBXFileReference; fileEncoding = 4; lastKnownFileType = sourcecode.c.objc; path = FNRestaurantsViewController.m; sourceTree = "<group>"; };
		133350BD18E9600400DE8E4A /* FNRestaurantViewCell.h */ = {isa = PBXFileReference; fileEncoding = 4; lastKnownFileType = sourcecode.c.h; path = FNRestaurantViewCell.h; sourceTree = "<group>"; };
		133350BE18E9600400DE8E4A /* FNRestaurantViewCell.m */ = {isa = PBXFileReference; fileEncoding = 4; lastKnownFileType = sourcecode.c.objc; path = FNRestaurantViewCell.m; sourceTree = "<group>"; };
		133350C018E9609D00DE8E4A /* FNRestaurant.h */ = {isa = PBXFileReference; fileEncoding = 4; lastKnownFileType = sourcecode.c.h; path = FNRestaurant.h; sourceTree = "<group>"; };
		133350C118E9609D00DE8E4A /* FNRestaurant.m */ = {isa = PBXFileReference; fileEncoding = 4; lastKnownFileType = sourcecode.c.objc; path = FNRestaurant.m; sourceTree = "<group>"; };
		133350C818E9698F00DE8E4A /* FNMeal.h */ = {isa = PBXFileReference; fileEncoding = 4; lastKnownFileType = sourcecode.c.h; path = FNMeal.h; sourceTree = "<group>"; };
		133350C918E9698F00DE8E4A /* FNMeal.m */ = {isa = PBXFileReference; fileEncoding = 4; lastKnownFileType = sourcecode.c.objc; path = FNMeal.m; sourceTree = "<group>"; };
		13DF466718E2B4E300A7F415 /* HelloParse.app */ = {isa = PBXFileReference; explicitFileType = wrapper.application; includeInIndex = 0; path = HelloParse.app; sourceTree = BUILT_PRODUCTS_DIR; };
		13DF466A18E2B4E300A7F415 /* Foundation.framework */ = {isa = PBXFileReference; lastKnownFileType = wrapper.framework; name = Foundation.framework; path = System/Library/Frameworks/Foundation.framework; sourceTree = SDKROOT; };
		13DF466C18E2B4E300A7F415 /* CoreGraphics.framework */ = {isa = PBXFileReference; lastKnownFileType = wrapper.framework; name = CoreGraphics.framework; path = System/Library/Frameworks/CoreGraphics.framework; sourceTree = SDKROOT; };
		13DF466E18E2B4E300A7F415 /* UIKit.framework */ = {isa = PBXFileReference; lastKnownFileType = wrapper.framework; name = UIKit.framework; path = System/Library/Frameworks/UIKit.framework; sourceTree = SDKROOT; };
		13DF467218E2B4E300A7F415 /* HelloParse-Info.plist */ = {isa = PBXFileReference; lastKnownFileType = text.plist.xml; path = "HelloParse-Info.plist"; sourceTree = "<group>"; };
		13DF467418E2B4E300A7F415 /* en */ = {isa = PBXFileReference; lastKnownFileType = text.plist.strings; name = en; path = en.lproj/InfoPlist.strings; sourceTree = "<group>"; };
		13DF467618E2B4E300A7F415 /* main.m */ = {isa = PBXFileReference; lastKnownFileType = sourcecode.c.objc; path = main.m; sourceTree = "<group>"; };
		13DF467818E2B4E300A7F415 /* HelloParse-Prefix.pch */ = {isa = PBXFileReference; lastKnownFileType = sourcecode.c.h; path = "HelloParse-Prefix.pch"; sourceTree = "<group>"; };
		13DF467918E2B4E300A7F415 /* AppDelegate.h */ = {isa = PBXFileReference; lastKnownFileType = sourcecode.c.h; path = AppDelegate.h; sourceTree = "<group>"; };
		13DF467A18E2B4E300A7F415 /* AppDelegate.m */ = {isa = PBXFileReference; lastKnownFileType = sourcecode.c.objc; path = AppDelegate.m; sourceTree = "<group>"; };
		13DF467D18E2B4E300A7F415 /* Base */ = {isa = PBXFileReference; lastKnownFileType = file.storyboard; name = Base; path = Base.lproj/Main.storyboard; sourceTree = "<group>"; };
		13DF468218E2B4E300A7F415 /* Images.xcassets */ = {isa = PBXFileReference; lastKnownFileType = folder.assetcatalog; path = Images.xcassets; sourceTree = "<group>"; };
		13DF46B818E2F47C00A7F415 /* FNMealsViewController.h */ = {isa = PBXFileReference; fileEncoding = 4; lastKnownFileType = sourcecode.c.h; path = FNMealsViewController.h; sourceTree = "<group>"; };
		13DF46B918E2F47C00A7F415 /* FNMealsViewController.m */ = {isa = PBXFileReference; fileEncoding = 4; lastKnownFileType = sourcecode.c.objc; path = FNMealsViewController.m; sourceTree = "<group>"; };
		13DF46BF18E2F63000A7F415 /* FNMealCollectionViewCell.h */ = {isa = PBXFileReference; fileEncoding = 4; lastKnownFileType = sourcecode.c.h; path = FNMealCollectionViewCell.h; sourceTree = "<group>"; };
		13DF46C018E2F63000A7F415 /* FNMealCollectionViewCell.m */ = {isa = PBXFileReference; fileEncoding = 4; lastKnownFileType = sourcecode.c.objc; path = FNMealCollectionViewCell.m; sourceTree = "<group>"; };
		B6AD4276B74E4A298B67DF90 /* libPods.a */ = {isa = PBXFileReference; explicitFileType = archive.ar; includeInIndex = 0; path = libPods.a; sourceTree = BUILT_PRODUCTS_DIR; };
/* End PBXFileReference section */

/* Begin PBXFrameworksBuildPhase section */
		13DF466418E2B4E300A7F415 /* Frameworks */ = {
			isa = PBXFrameworksBuildPhase;
			buildActionMask = 2147483647;
			files = (
				13DF466D18E2B4E300A7F415 /* CoreGraphics.framework in Frameworks */,
				13DF466F18E2B4E300A7F415 /* UIKit.framework in Frameworks */,
				13DF466B18E2B4E300A7F415 /* Foundation.framework in Frameworks */,
				1B228EA3B43C49A08E346A19 /* libPods.a in Frameworks */,
			);
			runOnlyForDeploymentPostprocessing = 0;
		};
/* End PBXFrameworksBuildPhase section */

/* Begin PBXGroup section */
		133350A618E52FBF00DE8E4A /* Resources */ = {
			isa = PBXGroup;
			children = (
				133350A718E52FBF00DE8E4A /* Images */,
			);
			path = Resources;
			sourceTree = "<group>";
		};
		133350A718E52FBF00DE8E4A /* Images */ = {
			isa = PBXGroup;
			children = (
				133350A818E52FBF00DE8E4A /* TestImage.jpeg */,
				133350AA18E559AF00DE8E4A /* 1.jpg */,
				133350AB18E559AF00DE8E4A /* 2.jpg */,
				133350AC18E559AF00DE8E4A /* 3.jpg */,
				133350AD18E559AF00DE8E4A /* 4.jpg */,
				133350AE18E559AF00DE8E4A /* 5.jpg */,
				133350AF18E559AF00DE8E4A /* 6.jpg */,
			);
			path = Images;
			sourceTree = "<group>";
		};
		133350B918E95FEC00DE8E4A /* RestaurantsViewController */ = {
			isa = PBXGroup;
			children = (
				133350BA18E95FEC00DE8E4A /* FNRestaurantsViewController.h */,
				133350BB18E95FEC00DE8E4A /* FNRestaurantsViewController.m */,
			);
			path = RestaurantsViewController;
			sourceTree = "<group>";
		};
		13DF465E18E2B4E300A7F415 = {
			isa = PBXGroup;
			children = (
				13DF467018E2B4E300A7F415 /* HelloParse */,
				13DF466918E2B4E300A7F415 /* Frameworks */,
				13DF466818E2B4E300A7F415 /* Products */,
				0E7696E8F0E44C7A8A85F15B /* Pods.xcconfig */,
			);
			sourceTree = "<group>";
		};
		13DF466818E2B4E300A7F415 /* Products */ = {
			isa = PBXGroup;
			children = (
				13DF466718E2B4E300A7F415 /* HelloParse.app */,
			);
			name = Products;
			sourceTree = "<group>";
		};
		13DF466918E2B4E300A7F415 /* Frameworks */ = {
			isa = PBXGroup;
			children = (
				13DF466A18E2B4E300A7F415 /* Foundation.framework */,
				13DF466C18E2B4E300A7F415 /* CoreGraphics.framework */,
				13DF466E18E2B4E300A7F415 /* UIKit.framework */,
				B6AD4276B74E4A298B67DF90 /* libPods.a */,
			);
			name = Frameworks;
			sourceTree = "<group>";
		};
		13DF467018E2B4E300A7F415 /* HelloParse */ = {
			isa = PBXGroup;
			children = (
				13DF469F18E2C47A00A7F415 /* Classes */,
				13DF467918E2B4E300A7F415 /* AppDelegate.h */,
				13DF467A18E2B4E300A7F415 /* AppDelegate.m */,
				13DF467C18E2B4E300A7F415 /* Main.storyboard */,
				13DF468218E2B4E300A7F415 /* Images.xcassets */,
				133350A618E52FBF00DE8E4A /* Resources */,
				13DF467118E2B4E300A7F415 /* Supporting Files */,
			);
			path = HelloParse;
			sourceTree = "<group>";
		};
		13DF467118E2B4E300A7F415 /* Supporting Files */ = {
			isa = PBXGroup;
			children = (
				13DF467218E2B4E300A7F415 /* HelloParse-Info.plist */,
				13DF467318E2B4E300A7F415 /* InfoPlist.strings */,
				13DF467618E2B4E300A7F415 /* main.m */,
				13DF467818E2B4E300A7F415 /* HelloParse-Prefix.pch */,
			);
			name = "Supporting Files";
			sourceTree = "<group>";
		};
		13DF469F18E2C47A00A7F415 /* Classes */ = {
			isa = PBXGroup;
			children = (
				13DF46BE18E2F61B00A7F415 /* Views */,
				13DF46B718E2F46A00A7F415 /* ViewControllers */,
				13DF46A018E2C47A00A7F415 /* Model */,
			);
			path = Classes;
			sourceTree = "<group>";
		};
		13DF46A018E2C47A00A7F415 /* Model */ = {
			isa = PBXGroup;
			children = (
				133350C018E9609D00DE8E4A /* FNRestaurant.h */,
				133350C118E9609D00DE8E4A /* FNRestaurant.m */,
				133350C818E9698F00DE8E4A /* FNMeal.h */,
				133350C918E9698F00DE8E4A /* FNMeal.m */,
			);
			path = Model;
			sourceTree = "<group>";
		};
		13DF46B718E2F46A00A7F415 /* ViewControllers */ = {
			isa = PBXGroup;
			children = (
				133350B918E95FEC00DE8E4A /* RestaurantsViewController */,
				13DF46B818E2F47C00A7F415 /* FNMealsViewController.h */,
				13DF46B918E2F47C00A7F415 /* FNMealsViewController.m */,
				1330BAE918E415E000E26D52 /* FNCollectionViewDynamicWaterfallLayout.h */,
				1330BAEA18E415E000E26D52 /* FNCollectionViewDynamicWaterfallLayout.m */,
			);
			path = ViewControllers;
			sourceTree = "<group>";
		};
		13DF46BE18E2F61B00A7F415 /* Views */ = {
			isa = PBXGroup;
			children = (
				13DF46BF18E2F63000A7F415 /* FNMealCollectionViewCell.h */,
				13DF46C018E2F63000A7F415 /* FNMealCollectionViewCell.m */,
				133350BD18E9600400DE8E4A /* FNRestaurantViewCell.h */,
				133350BE18E9600400DE8E4A /* FNRestaurantViewCell.m */,
			);
			path = Views;
			sourceTree = "<group>";
		};
/* End PBXGroup section */

/* Begin PBXNativeTarget section */
		13DF466618E2B4E300A7F415 /* HelloParse */ = {
			isa = PBXNativeTarget;
			buildConfigurationList = 13DF469918E2B4E400A7F415 /* Build configuration list for PBXNativeTarget "HelloParse" */;
			buildPhases = (
				4095962F58C140C5ACF8A056 /* Check Pods Manifest.lock */,
				13DF466318E2B4E300A7F415 /* Sources */,
				13DF466418E2B4E300A7F415 /* Frameworks */,
				13DF466518E2B4E300A7F415 /* Resources */,
				E5A7F549CC79403F8CFF39DF /* Copy Pods Resources */,
			);
			buildRules = (
			);
			dependencies = (
			);
			name = HelloParse;
			productName = HelloParse;
			productReference = 13DF466718E2B4E300A7F415 /* HelloParse.app */;
			productType = "com.apple.product-type.application";
		};
/* End PBXNativeTarget section */

/* Begin PBXProject section */
		13DF465F18E2B4E300A7F415 /* Project object */ = {
			isa = PBXProject;
			attributes = {
				CLASSPREFIX = FN;
				LastUpgradeCheck = 0510;
				ORGANIZATIONNAME = "Alexey Minaev";
			};
			buildConfigurationList = 13DF466218E2B4E300A7F415 /* Build configuration list for PBXProject "HelloParse" */;
			compatibilityVersion = "Xcode 3.2";
			developmentRegion = English;
			hasScannedForEncodings = 0;
			knownRegions = (
				en,
				Base,
			);
			mainGroup = 13DF465E18E2B4E300A7F415;
			productRefGroup = 13DF466818E2B4E300A7F415 /* Products */;
			projectDirPath = "";
			projectRoot = "";
			targets = (
				13DF466618E2B4E300A7F415 /* HelloParse */,
			);
		};
/* End PBXProject section */

/* Begin PBXResourcesBuildPhase section */
		13DF466518E2B4E300A7F415 /* Resources */ = {
			isa = PBXResourcesBuildPhase;
			buildActionMask = 2147483647;
			files = (
				133350B318E559AF00DE8E4A /* 4.jpg in Resources */,
				133350B118E559AF00DE8E4A /* 2.jpg in Resources */,
				13DF468318E2B4E300A7F415 /* Images.xcassets in Resources */,
				133350B418E559AF00DE8E4A /* 5.jpg in Resources */,
				133350B518E559AF00DE8E4A /* 6.jpg in Resources */,
				133350A918E52FBF00DE8E4A /* TestImage.jpeg in Resources */,
				13DF467518E2B4E300A7F415 /* InfoPlist.strings in Resources */,
				13DF467E18E2B4E300A7F415 /* Main.storyboard in Resources */,
				133350B218E559AF00DE8E4A /* 3.jpg in Resources */,
				133350B018E559AF00DE8E4A /* 1.jpg in Resources */,
			);
			runOnlyForDeploymentPostprocessing = 0;
		};
/* End PBXResourcesBuildPhase section */

/* Begin PBXShellScriptBuildPhase section */
		4095962F58C140C5ACF8A056 /* Check Pods Manifest.lock */ = {
			isa = PBXShellScriptBuildPhase;
			buildActionMask = 2147483647;
			files = (
			);
			inputPaths = (
			);
			name = "Check Pods Manifest.lock";
			outputPaths = (
			);
			runOnlyForDeploymentPostprocessing = 0;
			shellPath = /bin/sh;
			shellScript = "diff \"${PODS_ROOT}/../Podfile.lock\" \"${PODS_ROOT}/Manifest.lock\" > /dev/null\nif [[ $? != 0 ]] ; then\n    cat << EOM\nerror: The sandbox is not in sync with the Podfile.lock. Run 'pod install' or update your CocoaPods installation.\nEOM\n    exit 1\nfi\n";
			showEnvVarsInLog = 0;
		};
		E5A7F549CC79403F8CFF39DF /* Copy Pods Resources */ = {
			isa = PBXShellScriptBuildPhase;
			buildActionMask = 2147483647;
			files = (
			);
			inputPaths = (
			);
			name = "Copy Pods Resources";
			outputPaths = (
			);
			runOnlyForDeploymentPostprocessing = 0;
			shellPath = /bin/sh;
			shellScript = "\"${SRCROOT}/Pods/Pods-resources.sh\"\n";
			showEnvVarsInLog = 0;
		};
/* End PBXShellScriptBuildPhase section */

/* Begin PBXSourcesBuildPhase section */
		13DF466318E2B4E300A7F415 /* Sources */ = {
			isa = PBXSourcesBuildPhase;
			buildActionMask = 2147483647;
			files = (
				133350BF18E9600400DE8E4A /* FNRestaurantViewCell.m in Sources */,
				133350CA18E9698F00DE8E4A /* FNMeal.m in Sources */,
				133350C218E9609D00DE8E4A /* FNRestaurant.m in Sources */,
				1330BAEB18E415E000E26D52 /* FNCollectionViewDynamicWaterfallLayout.m in Sources */,
				13DF467B18E2B4E300A7F415 /* AppDelegate.m in Sources */,
				13DF46BA18E2F47C00A7F415 /* FNMealsViewController.m in Sources */,
				133350BC18E95FEC00DE8E4A /* FNRestaurantsViewController.m in Sources */,
				13DF46C118E2F63000A7F415 /* FNMealCollectionViewCell.m in Sources */,
				13DF467718E2B4E300A7F415 /* main.m in Sources */,
			);
			runOnlyForDeploymentPostprocessing = 0;
		};
/* End PBXSourcesBuildPhase section */

/* Begin PBXVariantGroup section */
		13DF467318E2B4E300A7F415 /* InfoPlist.strings */ = {
			isa = PBXVariantGroup;
			children = (
				13DF467418E2B4E300A7F415 /* en */,
			);
			name = InfoPlist.strings;
			sourceTree = "<group>";
		};
		13DF467C18E2B4E300A7F415 /* Main.storyboard */ = {
			isa = PBXVariantGroup;
			children = (
				13DF467D18E2B4E300A7F415 /* Base */,
			);
			name = Main.storyboard;
			sourceTree = "<group>";
		};
/* End PBXVariantGroup section */

/* Begin XCBuildConfiguration section */
		13DF469718E2B4E400A7F415 /* Debug */ = {
			isa = XCBuildConfiguration;
			buildSettings = {
				ALWAYS_SEARCH_USER_PATHS = NO;
				CLANG_CXX_LANGUAGE_STANDARD = "gnu++0x";
				CLANG_CXX_LIBRARY = "libc++";
				CLANG_ENABLE_MODULES = YES;
				CLANG_ENABLE_OBJC_ARC = YES;
				CLANG_WARN_BOOL_CONVERSION = YES;
				CLANG_WARN_CONSTANT_CONVERSION = YES;
				CLANG_WARN_DIRECT_OBJC_ISA_USAGE = YES_ERROR;
				CLANG_WARN_EMPTY_BODY = YES;
				CLANG_WARN_ENUM_CONVERSION = YES;
				CLANG_WARN_INT_CONVERSION = YES;
				CLANG_WARN_OBJC_ROOT_CLASS = YES_ERROR;
				CLANG_WARN__DUPLICATE_METHOD_MATCH = YES;
				"CODE_SIGN_IDENTITY[sdk=iphoneos*]" = "iPhone Developer";
				COPY_PHASE_STRIP = NO;
				GCC_C_LANGUAGE_STANDARD = gnu99;
				GCC_DYNAMIC_NO_PIC = NO;
				GCC_OPTIMIZATION_LEVEL = 0;
				GCC_PREPROCESSOR_DEFINITIONS = (
					"DEBUG=1",
					"$(inherited)",
				);
				GCC_SYMBOLS_PRIVATE_EXTERN = NO;
				GCC_WARN_64_TO_32_BIT_CONVERSION = YES;
				GCC_WARN_ABOUT_RETURN_TYPE = YES_ERROR;
				GCC_WARN_UNDECLARED_SELECTOR = YES;
				GCC_WARN_UNINITIALIZED_AUTOS = YES_AGGRESSIVE;
				GCC_WARN_UNUSED_FUNCTION = YES;
				GCC_WARN_UNUSED_VARIABLE = YES;
				IPHONEOS_DEPLOYMENT_TARGET = 6.1;
				ONLY_ACTIVE_ARCH = YES;
				SDKROOT = iphoneos;
			};
			name = Debug;
		};
		13DF469818E2B4E400A7F415 /* Release */ = {
			isa = XCBuildConfiguration;
			buildSettings = {
				ALWAYS_SEARCH_USER_PATHS = NO;
				CLANG_CXX_LANGUAGE_STANDARD = "gnu++0x";
				CLANG_CXX_LIBRARY = "libc++";
				CLANG_ENABLE_MODULES = YES;
				CLANG_ENABLE_OBJC_ARC = YES;
				CLANG_WARN_BOOL_CONVERSION = YES;
				CLANG_WARN_CONSTANT_CONVERSION = YES;
				CLANG_WARN_DIRECT_OBJC_ISA_USAGE = YES_ERROR;
				CLANG_WARN_EMPTY_BODY = YES;
				CLANG_WARN_ENUM_CONVERSION = YES;
				CLANG_WARN_INT_CONVERSION = YES;
				CLANG_WARN_OBJC_ROOT_CLASS = YES_ERROR;
				CLANG_WARN__DUPLICATE_METHOD_MATCH = YES;
				"CODE_SIGN_IDENTITY[sdk=iphoneos*]" = "iPhone Developer";
				COPY_PHASE_STRIP = YES;
				ENABLE_NS_ASSERTIONS = NO;
				GCC_C_LANGUAGE_STANDARD = gnu99;
				GCC_WARN_64_TO_32_BIT_CONVERSION = YES;
				GCC_WARN_ABOUT_RETURN_TYPE = YES_ERROR;
				GCC_WARN_UNDECLARED_SELECTOR = YES;
				GCC_WARN_UNINITIALIZED_AUTOS = YES_AGGRESSIVE;
				GCC_WARN_UNUSED_FUNCTION = YES;
				GCC_WARN_UNUSED_VARIABLE = YES;
				IPHONEOS_DEPLOYMENT_TARGET = 6.1;
				SDKROOT = iphoneos;
				VALIDATE_PRODUCT = YES;
			};
			name = Release;
		};
		13DF469A18E2B4E400A7F415 /* Debug */ = {
			isa = XCBuildConfiguration;
			baseConfigurationReference = 0E7696E8F0E44C7A8A85F15B /* Pods.xcconfig */;
			buildSettings = {
				ASSETCATALOG_COMPILER_APPICON_NAME = AppIcon;
				ASSETCATALOG_COMPILER_LAUNCHIMAGE_NAME = LaunchImage;
				GCC_PRECOMPILE_PREFIX_HEADER = YES;
				GCC_PREFIX_HEADER = "HelloParse/HelloParse-Prefix.pch";
				INFOPLIST_FILE = "HelloParse/HelloParse-Info.plist";
				PRODUCT_NAME = "$(TARGET_NAME)";
				WRAPPER_EXTENSION = app;
			};
			name = Debug;
		};
		13DF469B18E2B4E400A7F415 /* Release */ = {
			isa = XCBuildConfiguration;
			baseConfigurationReference = 0E7696E8F0E44C7A8A85F15B /* Pods.xcconfig */;
			buildSettings = {
				ASSETCATALOG_COMPILER_APPICON_NAME = AppIcon;
				ASSETCATALOG_COMPILER_LAUNCHIMAGE_NAME = LaunchImage;
				GCC_PRECOMPILE_PREFIX_HEADER = YES;
				GCC_PREFIX_HEADER = "HelloParse/HelloParse-Prefix.pch";
				INFOPLIST_FILE = "HelloParse/HelloParse-Info.plist";
				PRODUCT_NAME = "$(TARGET_NAME)";
				WRAPPER_EXTENSION = app;
			};
			name = Release;
		};
/* End XCBuildConfiguration section */

/* Begin XCConfigurationList section */
		13DF466218E2B4E300A7F415 /* Build configuration list for PBXProject "HelloParse" */ = {
			isa = XCConfigurationList;
			buildConfigurations = (
				13DF469718E2B4E400A7F415 /* Debug */,
				13DF469818E2B4E400A7F415 /* Release */,
			);
			defaultConfigurationIsVisible = 0;
			defaultConfigurationName = Release;
		};
		13DF469918E2B4E400A7F415 /* Build configuration list for PBXNativeTarget "HelloParse" */ = {
			isa = XCConfigurationList;
			buildConfigurations = (
				13DF469A18E2B4E400A7F415 /* Debug */,
				13DF469B18E2B4E400A7F415 /* Release */,
			);
			defaultConfigurationIsVisible = 0;
			defaultConfigurationName = Release;
		};
/* End XCConfigurationList section */
	};
	rootObject = 13DF465F18E2B4E300A7F415 /* Project object */;
}
